# This file is automatically @generated by Cargo.
# It is not intended for manual editing.
version = 3

[[package]]
name = "aho-corasick"
version = "1.1.3"
source = "registry+https://github.com/rust-lang/crates.io-index"
checksum = "8e60d3430d3a69478ad0993f19238d2df97c507009a52b3c10addcd7f6bcb916"
dependencies = [
 "memchr",
]

[[package]]
name = "aoc_15_01"
version = "0.1.0"
dependencies = [
 "aoc_utils",
]

[[package]]
name = "aoc_15_02"
version = "0.1.0"
dependencies = [
 "aoc_utils",
]

[[package]]
name = "aoc_15_03"
version = "0.1.0"
dependencies = [
 "aoc_utils",
 "nalgebra",
]

[[package]]
name = "aoc_15_04"
version = "0.1.0"
dependencies = [
 "aoc_utils",
 "md5",
]

[[package]]
name = "aoc_15_05"
version = "0.1.0"
dependencies = [
 "aoc_utils",
]

[[package]]
name = "aoc_15_06"
version = "0.1.0"
dependencies = [
 "aoc_utils",
]

[[package]]
name = "aoc_15_07"
version = "0.1.0"
dependencies = [
 "aoc_utils",
]

[[package]]
name = "aoc_15_08"
version = "0.1.0"
dependencies = [
 "aoc_utils",
]

[[package]]
name = "aoc_15_09"
version = "0.1.0"
dependencies = [
 "aoc_utils",
]

[[package]]
name = "aoc_15_10"
version = "0.1.0"
dependencies = [
 "aoc_utils",
 "num",
]

[[package]]
name = "aoc_15_11"
version = "0.1.0"
dependencies = [
 "aoc_utils",
 "lazy_static",
 "regex",
]

[[package]]
name = "aoc_15_12"
version = "0.1.0"
dependencies = [
 "aoc_utils",
 "json",
]

[[package]]
name = "aoc_15_13"
version = "0.1.0"
dependencies = [
 "aoc_utils",
 "itertools",
]

[[package]]
name = "aoc_15_14"
version = "0.1.0"
dependencies = [
 "aoc_utils",
]

[[package]]
name = "aoc_15_15"
version = "0.1.0"
dependencies = [
 "aoc_utils",
]

[[package]]
name = "aoc_15_16"
version = "0.1.0"
dependencies = [
 "aoc_utils",
]

[[package]]
name = "aoc_15_17"
version = "0.1.0"
dependencies = [
 "aoc_utils",
 "itertools",
]

[[package]]
name = "aoc_15_18"
version = "0.1.0"
dependencies = [
 "aoc_utils",
]

[[package]]
name = "aoc_15_23"
version = "0.1.0"
dependencies = [
 "aoc_utils",
]

[[package]]
name = "aoc_16_01"
version = "0.1.0"
dependencies = [
 "aoc_utils",
]

[[package]]
name = "aoc_16_02"
version = "0.1.0"
dependencies = [
 "aoc_utils",
]

[[package]]
name = "aoc_16_03"
version = "0.1.0"
dependencies = [
 "aoc_utils",
 "itertools",
]

[[package]]
name = "aoc_16_04"
version = "0.1.0"
dependencies = [
 "aoc_utils",
]

[[package]]
name = "aoc_16_05"
version = "0.1.0"
dependencies = [
 "aoc_utils",
 "md5",
]

[[package]]
name = "aoc_16_06"
version = "0.1.0"
dependencies = [
 "aoc_utils",
]

[[package]]
name = "aoc_16_07"
version = "0.1.0"
dependencies = [
 "aoc_utils",
]

[[package]]
name = "aoc_16_08"
version = "0.1.0"
dependencies = [
 "aoc_utils",
]

[[package]]
name = "aoc_16_09"
version = "0.1.0"
dependencies = [
 "aoc_utils",
]

[[package]]
name = "aoc_16_10"
version = "0.1.0"
dependencies = [
 "aoc_utils",
]

[[package]]
name = "aoc_17_01"
version = "0.1.0"
dependencies = [
 "aoc_utils",
]

[[package]]
name = "aoc_17_02"
version = "0.1.0"
dependencies = [
 "aoc_utils",
 "itertools",
]

[[package]]
name = "aoc_17_03"
version = "0.1.0"
dependencies = [
 "aoc_utils",
]

[[package]]
name = "aoc_17_04"
version = "0.1.0"
dependencies = [
 "aoc_utils",
 "hashbag",
 "itertools",
]

[[package]]
name = "aoc_17_05"
version = "0.1.0"
dependencies = [
 "aoc_utils",
]

[[package]]
name = "aoc_17_06"
version = "0.1.0"
dependencies = [
 "aoc_utils",
]

[[package]]
name = "aoc_17_07"
version = "0.1.0"
dependencies = [
 "aoc_utils",
]

[[package]]
name = "aoc_17_08"
version = "0.1.0"
dependencies = [
 "aoc_utils",
]

[[package]]
name = "aoc_17_09"
version = "0.1.0"
dependencies = [
 "aoc_utils",
]

[[package]]
name = "aoc_17_10"
version = "0.1.0"
dependencies = [
 "aoc_utils",
]

[[package]]
name = "aoc_18_01"
version = "0.1.0"
dependencies = [
 "aoc_utils",
]

[[package]]
name = "aoc_18_02"
version = "0.1.0"
dependencies = [
 "aoc_utils",
 "itertools",
]

[[package]]
name = "aoc_18_03"
version = "0.1.0"
dependencies = [
 "aoc_utils",
]

[[package]]
name = "aoc_18_04"
version = "0.1.0"
dependencies = [
 "aoc_utils",
 "time",
]

[[package]]
name = "aoc_18_05"
version = "0.1.0"
dependencies = [
 "aoc_utils",
]

[[package]]
name = "aoc_18_06"
version = "0.1.0"
dependencies = [
 "aoc_utils",
 "tinyvec",
 "winnow",
]

[[package]]
name = "aoc_18_07"
version = "0.1.0"
dependencies = [
 "aoc_utils",
 "winnow",
]

[[package]]
name = "aoc_18_08"
version = "0.1.0"
dependencies = [
 "aoc_utils",
 "winnow",
]

[[package]]
name = "aoc_18_09"
version = "0.1.0"
dependencies = [
 "aoc_utils",
]

[[package]]
name = "aoc_18_10"
version = "0.1.0"
dependencies = [
 "aoc_utils",
]

[[package]]
name = "aoc_19_01"
version = "0.1.0"
dependencies = [
 "aoc_utils",
]

[[package]]
name = "aoc_19_02"
version = "0.1.0"
dependencies = [
 "aoc_utils",
]

[[package]]
name = "aoc_19_03"
version = "0.1.0"
dependencies = [
 "aoc_utils",
]

[[package]]
name = "aoc_19_04"
version = "0.1.0"
dependencies = [
 "aoc_utils",
]

[[package]]
name = "aoc_19_05"
version = "0.1.0"
dependencies = [
 "aoc_utils",
 "intcode-computer",
]

[[package]]
name = "aoc_19_06"
version = "0.1.0"
dependencies = [
 "aoc_utils",
]

[[package]]
name = "aoc_19_07"
version = "0.1.0"
dependencies = [
 "aoc_utils",
 "intcode-computer",
 "itertools",
]

[[package]]
name = "aoc_19_08"
version = "0.1.0"
dependencies = [
 "aoc_utils",
]

[[package]]
name = "aoc_19_09"
version = "0.1.0"
dependencies = [
 "aoc_utils",
 "intcode-computer",
]

[[package]]
name = "aoc_20_01"
version = "0.1.0"
dependencies = [
 "aoc_utils",
 "itertools",
]

[[package]]
name = "aoc_20_02"
version = "0.1.0"
dependencies = [
 "aoc_utils",
]

[[package]]
name = "aoc_20_03"
version = "0.1.0"
dependencies = [
 "aoc_utils",
]

[[package]]
name = "aoc_20_04"
version = "0.1.0"
dependencies = [
 "aoc_utils",
 "lazy_static",
 "regex",
]

[[package]]
name = "aoc_20_05"
version = "0.1.0"
dependencies = [
 "aoc_utils",
]

[[package]]
name = "aoc_20_06"
version = "0.1.0"
dependencies = [
 "aoc_utils",
]

[[package]]
name = "aoc_20_07"
version = "0.1.0"
dependencies = [
 "aoc_utils",
]

[[package]]
name = "aoc_20_08"
version = "0.1.0"
dependencies = [
 "aoc_utils",
]

[[package]]
name = "aoc_20_09"
version = "0.1.0"
dependencies = [
 "aoc_utils",
]

[[package]]
name = "aoc_20_10"
version = "0.1.0"
dependencies = [
 "aoc_utils",
]

[[package]]
name = "aoc_20_11"
version = "0.1.0"
dependencies = [
 "aoc_utils",
]

[[package]]
name = "aoc_20_12"
version = "0.1.0"
dependencies = [
 "aoc_utils",
]

[[package]]
name = "aoc_20_13"
version = "0.1.0"
dependencies = [
 "aoc_utils",
]

[[package]]
name = "aoc_20_14"
version = "0.1.0"
dependencies = [
 "aoc_utils",
]

[[package]]
name = "aoc_20_15"
version = "0.1.0"
dependencies = [
 "aoc_utils",
]

[[package]]
name = "aoc_20_16"
version = "0.1.0"
dependencies = [
 "aoc_utils",
]

[[package]]
name = "aoc_20_17"
version = "0.1.0"
dependencies = [
 "aoc_utils",
]

[[package]]
name = "aoc_20_18"
version = "0.1.0"
dependencies = [
 "aoc_utils",
]

[[package]]
name = "aoc_21_01"
version = "0.1.0"
dependencies = [
 "aoc_utils",
]

[[package]]
name = "aoc_21_02"
version = "0.1.0"
dependencies = [
 "aoc_utils",
]

[[package]]
name = "aoc_21_03"
version = "0.1.0"
dependencies = [
 "aoc_utils",
]

[[package]]
name = "aoc_21_04"
version = "0.1.0"
dependencies = [
 "aoc_utils",
]

[[package]]
name = "aoc_21_05"
version = "0.1.0"
dependencies = [
 "aoc_utils",
]

[[package]]
name = "aoc_21_06"
version = "0.1.0"
dependencies = [
 "aoc_utils",
]

[[package]]
name = "aoc_21_07"
version = "0.1.0"
dependencies = [
 "aoc_utils",
]

[[package]]
name = "aoc_21_08"
version = "0.1.0"
dependencies = [
 "aoc_utils",
 "itertools",
]

[[package]]
name = "aoc_21_09"
version = "0.1.0"
dependencies = [
 "aoc_utils",
]

[[package]]
name = "aoc_21_10"
version = "0.1.0"
dependencies = [
 "aoc_utils",
]

[[package]]
name = "aoc_21_11"
version = "0.1.0"
dependencies = [
 "aoc_utils",
]

[[package]]
name = "aoc_21_12"
version = "0.1.0"
dependencies = [
 "aoc_utils",
]

[[package]]
name = "aoc_21_13"
version = "0.1.0"
dependencies = [
 "aoc_utils",
]

[[package]]
name = "aoc_21_14"
version = "0.1.0"
dependencies = [
 "aoc_utils",
]

[[package]]
name = "aoc_21_15"
version = "0.1.0"
dependencies = [
 "aoc_utils",
]

[[package]]
name = "aoc_21_16"
version = "0.1.0"
dependencies = [
 "aoc_utils",
]

[[package]]
name = "aoc_21_17"
version = "0.1.0"
dependencies = [
 "aoc_utils",
]

[[package]]
name = "aoc_21_18"
version = "0.1.0"
dependencies = [
 "aoc_utils",
]

[[package]]
name = "aoc_21_19"
version = "0.1.0"
dependencies = [
 "aoc_utils",
]

[[package]]
name = "aoc_21_20"
version = "0.1.0"
dependencies = [
 "aoc_utils",
]

[[package]]
name = "aoc_21_21"
version = "0.1.0"
dependencies = [
 "aoc_utils",
]

[[package]]
name = "aoc_21_22"
version = "0.1.0"
dependencies = [
 "aoc_utils",
]

[[package]]
name = "aoc_21_23"
version = "0.1.0"
dependencies = [
 "aoc_utils",
]

[[package]]
name = "aoc_21_24"
version = "0.1.0"
dependencies = [
 "aoc_utils",
]

[[package]]
name = "aoc_21_25"
version = "0.1.0"
dependencies = [
 "aoc_utils",
]

[[package]]
name = "aoc_22_01"
version = "0.1.0"
dependencies = [
 "aoc_utils",
]

[[package]]
name = "aoc_22_02"
version = "0.1.0"
dependencies = [
 "aoc_utils",
]

[[package]]
name = "aoc_22_03"
version = "0.1.0"
dependencies = [
 "aoc_utils",
 "itertools",
]

[[package]]
name = "aoc_22_04"
version = "0.1.0"
dependencies = [
 "aoc_utils",
]

[[package]]
name = "aoc_22_05"
version = "0.1.0"
dependencies = [
 "aoc_utils",
]

[[package]]
name = "aoc_22_06"
version = "0.1.0"
dependencies = [
 "aoc_utils",
]

[[package]]
name = "aoc_22_07"
version = "0.1.0"
dependencies = [
 "aoc_utils",
]

[[package]]
name = "aoc_22_08"
version = "0.1.0"
dependencies = [
 "aoc_utils",
]

[[package]]
name = "aoc_22_09"
version = "0.1.0"
dependencies = [
 "aoc_utils",
]

[[package]]
name = "aoc_22_10"
version = "0.1.0"
dependencies = [
 "aoc_utils",
]

[[package]]
name = "aoc_22_11"
version = "0.1.0"
dependencies = [
 "aoc_utils",
 "itertools",
 "num",
 "winnow",
]

[[package]]
name = "aoc_22_12"
version = "0.1.0"
dependencies = [
 "aoc_utils",
 "pathfinding",
]

[[package]]
name = "aoc_22_13"
version = "0.1.0"
dependencies = [
 "aoc_utils",
 "winnow",
]

[[package]]
name = "aoc_22_14"
version = "0.1.0"
dependencies = [
 "aoc_utils",
 "itertools",
 "nalgebra",
 "winnow",
]

[[package]]
name = "aoc_22_15"
version = "0.1.0"
dependencies = [
 "aoc_utils",
 "nalgebra",
 "winnow",
]

[[package]]
name = "aoc_22_16"
version = "0.1.0"
dependencies = [
 "aoc_utils",
 "winnow",
]

[[package]]
name = "aoc_23_01"
version = "0.1.0"
dependencies = [
 "aoc_utils",
]

[[package]]
name = "aoc_23_02"
version = "0.1.0"
dependencies = [
 "aoc_utils",
 "winnow",
]

[[package]]
name = "aoc_23_03"
version = "0.1.0"
dependencies = [
 "aoc_utils",
 "arrayvec",
]

[[package]]
name = "aoc_23_04"
version = "0.1.0"
dependencies = [
 "aoc_utils",
]

[[package]]
name = "aoc_23_05"
version = "0.1.0"
dependencies = [
 "aoc_utils",
 "winnow",
]

[[package]]
name = "aoc_utils"
version = "0.1.0"

[[package]]
name = "approx"
version = "0.5.1"
source = "registry+https://github.com/rust-lang/crates.io-index"
checksum = "cab112f0a86d568ea0e627cc1d6be74a1e9cd55214684db5561995f6dad897c6"
dependencies = [
 "num-traits",
]

[[package]]
name = "arrayvec"
version = "0.7.4"
source = "registry+https://github.com/rust-lang/crates.io-index"
checksum = "96d30a06541fbafbc7f82ed10c06164cfbd2c401138f6addd8404629c4b16711"

[[package]]
name = "autocfg"
version = "1.2.0"
source = "registry+https://github.com/rust-lang/crates.io-index"
checksum = "f1fdabc7756949593fe60f30ec81974b613357de856987752631dea1e3394c80"

[[package]]
name = "bytemuck"
version = "1.15.0"
source = "registry+https://github.com/rust-lang/crates.io-index"
checksum = "5d6d68c57235a3a081186990eca2867354726650f42f7516ca50c28d6281fd15"

[[package]]
name = "deprecate-until"
version = "0.1.1"
source = "registry+https://github.com/rust-lang/crates.io-index"
checksum = "7a3767f826efbbe5a5ae093920b58b43b01734202be697e1354914e862e8e704"
dependencies = [
 "proc-macro2",
 "quote",
 "semver",
 "syn 2.0.55",
]

[[package]]
name = "deranged"
version = "0.3.11"
source = "registry+https://github.com/rust-lang/crates.io-index"
checksum = "b42b6fa04a440b495c8b04d0e71b707c585f83cb9cb28cf8cd0d976c315e31b4"
dependencies = [
 "powerfmt",
]

[[package]]
name = "either"
version = "1.10.0"
source = "registry+https://github.com/rust-lang/crates.io-index"
checksum = "11157ac094ffbdde99aa67b23417ebdd801842852b500e395a45a9c0aac03e4a"

[[package]]
name = "equivalent"
version = "1.0.1"
source = "registry+https://github.com/rust-lang/crates.io-index"
checksum = "5443807d6dff69373d433ab9ef5378ad8df50ca6298caf15de6e52e24aaf54d5"

[[package]]
name = "fixedbitset"
version = "0.4.2"
source = "registry+https://github.com/rust-lang/crates.io-index"
checksum = "0ce7134b9999ecaf8bcd65542e436736ef32ddca1b3e06094cb6ec5755203b80"

[[package]]
name = "hashbag"
version = "0.1.12"
source = "registry+https://github.com/rust-lang/crates.io-index"
checksum = "98f494b2060b2a8f5e63379e1e487258e014cee1b1725a735816c0107a2e9d93"

[[package]]
name = "hashbrown"
version = "0.14.3"
source = "registry+https://github.com/rust-lang/crates.io-index"
checksum = "290f1a1d9242c78d09ce40a5e87e7554ee637af1351968159f4952f028f75604"

[[package]]
name = "indexmap"
version = "2.2.6"
source = "registry+https://github.com/rust-lang/crates.io-index"
checksum = "168fb715dda47215e360912c096649d23d58bf392ac62f73919e831745e40f26"
dependencies = [
 "equivalent",
 "hashbrown",
]

[[package]]
name = "intcode-computer"
version = "0.1.0"

[[package]]
name = "integer-sqrt"
version = "0.1.5"
source = "registry+https://github.com/rust-lang/crates.io-index"
checksum = "276ec31bcb4a9ee45f58bec6f9ec700ae4cf4f4f8f2fa7e06cb406bd5ffdd770"
dependencies = [
 "num-traits",
]

[[package]]
name = "itertools"
version = "0.12.1"
source = "registry+https://github.com/rust-lang/crates.io-index"
checksum = "ba291022dbbd398a455acf126c1e341954079855bc60dfdda641363bd6922569"
dependencies = [
 "either",
]

[[package]]
name = "json"
version = "0.12.4"
source = "registry+https://github.com/rust-lang/crates.io-index"
checksum = "078e285eafdfb6c4b434e0d31e8cfcb5115b651496faca5749b88fafd4f23bfd"

[[package]]
name = "lazy_static"
version = "1.4.0"
source = "registry+https://github.com/rust-lang/crates.io-index"
checksum = "e2abad23fbc42b3700f2f279844dc832adb2b2eb069b2df918f455c4e18cc646"

[[package]]
name = "matrixmultiply"
version = "0.3.8"
source = "registry+https://github.com/rust-lang/crates.io-index"
checksum = "7574c1cf36da4798ab73da5b215bbf444f50718207754cb522201d78d1cd0ff2"
dependencies = [
 "autocfg",
 "rawpointer",
]

[[package]]
name = "md5"
version = "0.7.0"
source = "registry+https://github.com/rust-lang/crates.io-index"
checksum = "490cc448043f947bae3cbee9c203358d62dbee0db12107a74be5c30ccfd09771"

[[package]]
name = "memchr"
version = "2.7.1"
source = "registry+https://github.com/rust-lang/crates.io-index"
checksum = "523dc4f511e55ab87b694dc30d0f820d60906ef06413f93d4d7a1385599cc149"

[[package]]
name = "nalgebra"
version = "0.32.4"
source = "registry+https://github.com/rust-lang/crates.io-index"
checksum = "4541eb06dce09c0241ebbaab7102f0a01a0c8994afed2e5d0d66775016e25ac2"
dependencies = [
 "approx",
 "matrixmultiply",
 "nalgebra-macros",
 "num-complex",
 "num-rational",
 "num-traits",
 "simba",
 "typenum",
]

[[package]]
name = "nalgebra-macros"
version = "0.2.1"
source = "registry+https://github.com/rust-lang/crates.io-index"
checksum = "91761aed67d03ad966ef783ae962ef9bbaca728d2dd7ceb7939ec110fffad998"
dependencies = [
 "proc-macro2",
 "quote",
 "syn 1.0.109",
]

[[package]]
name = "num"
version = "0.4.1"
source = "registry+https://github.com/rust-lang/crates.io-index"
checksum = "b05180d69e3da0e530ba2a1dae5110317e49e3b7f3d41be227dc5f92e49ee7af"
dependencies = [
 "num-bigint",
 "num-complex",
 "num-integer",
 "num-iter",
 "num-rational",
 "num-traits",
]

[[package]]
name = "num-bigint"
version = "0.4.4"
source = "registry+https://github.com/rust-lang/crates.io-index"
checksum = "608e7659b5c3d7cba262d894801b9ec9d00de989e8a82bd4bef91d08da45cdc0"
dependencies = [
 "autocfg",
 "num-integer",
 "num-traits",
]

[[package]]
name = "num-complex"
version = "0.4.5"
source = "registry+https://github.com/rust-lang/crates.io-index"
checksum = "23c6602fda94a57c990fe0df199a035d83576b496aa29f4e634a8ac6004e68a6"
dependencies = [
 "num-traits",
]

[[package]]
name = "num-conv"
version = "0.1.0"
source = "registry+https://github.com/rust-lang/crates.io-index"
checksum = "51d515d32fb182ee37cda2ccdcb92950d6a3c2893aa280e540671c2cd0f3b1d9"

[[package]]
name = "num-integer"
version = "0.1.46"
source = "registry+https://github.com/rust-lang/crates.io-index"
checksum = "7969661fd2958a5cb096e56c8e1ad0444ac2bbcd0061bd28660485a44879858f"
dependencies = [
 "num-traits",
]

[[package]]
name = "num-iter"
version = "0.1.44"
source = "registry+https://github.com/rust-lang/crates.io-index"
checksum = "d869c01cc0c455284163fd0092f1f93835385ccab5a98a0dcc497b2f8bf055a9"
dependencies = [
 "autocfg",
 "num-integer",
 "num-traits",
]

[[package]]
name = "num-rational"
version = "0.4.1"
source = "registry+https://github.com/rust-lang/crates.io-index"
checksum = "0638a1c9d0a3c0914158145bc76cff373a75a627e6ecbfb71cbe6f453a5a19b0"
dependencies = [
 "autocfg",
 "num-bigint",
 "num-integer",
 "num-traits",
]

[[package]]
name = "num-traits"
version = "0.2.18"
source = "registry+https://github.com/rust-lang/crates.io-index"
checksum = "da0df0e5185db44f69b44f26786fe401b6c293d1907744beaa7fa62b2e5a517a"
dependencies = [
 "autocfg",
]

[[package]]
name = "paste"
version = "1.0.14"
source = "registry+https://github.com/rust-lang/crates.io-index"
checksum = "de3145af08024dea9fa9914f381a17b8fc6034dfb00f3a84013f7ff43f29ed4c"

[[package]]
name = "pathfinding"
version = "4.9.1"
source = "registry+https://github.com/rust-lang/crates.io-index"
checksum = "f0a21c30f03223ae4a4c892f077b3189133689b8a659a84372f8422384ce94c9"
dependencies = [
 "deprecate-until",
 "fixedbitset",
 "indexmap",
 "integer-sqrt",
 "num-traits",
 "rustc-hash",
 "thiserror",
]

[[package]]
name = "powerfmt"
version = "0.2.0"
source = "registry+https://github.com/rust-lang/crates.io-index"
checksum = "439ee305def115ba05938db6eb1644ff94165c5ab5e9420d1c1bcedbba909391"

[[package]]
name = "proc-macro2"
version = "1.0.79"
source = "registry+https://github.com/rust-lang/crates.io-index"
checksum = "e835ff2298f5721608eb1a980ecaee1aef2c132bf95ecc026a11b7bf3c01c02e"
dependencies = [
 "unicode-ident",
]

[[package]]
name = "quote"
version = "1.0.35"
source = "registry+https://github.com/rust-lang/crates.io-index"
checksum = "291ec9ab5efd934aaf503a6466c5d5251535d108ee747472c3977cc5acc868ef"
dependencies = [
 "proc-macro2",
]

[[package]]
name = "rawpointer"
version = "0.2.1"
source = "registry+https://github.com/rust-lang/crates.io-index"
checksum = "60a357793950651c4ed0f3f52338f53b2f809f32d83a07f72909fa13e4c6c1e3"

[[package]]
name = "regex"
version = "1.10.4"
source = "registry+https://github.com/rust-lang/crates.io-index"
checksum = "c117dbdfde9c8308975b6a18d71f3f385c89461f7b3fb054288ecf2a2058ba4c"
dependencies = [
 "aho-corasick",
 "memchr",
 "regex-automata",
 "regex-syntax",
]

[[package]]
name = "regex-automata"
version = "0.4.6"
source = "registry+https://github.com/rust-lang/crates.io-index"
checksum = "86b83b8b9847f9bf95ef68afb0b8e6cdb80f498442f5179a29fad448fcc1eaea"
dependencies = [
 "aho-corasick",
 "memchr",
 "regex-syntax",
]

[[package]]
name = "regex-syntax"
version = "0.8.3"
source = "registry+https://github.com/rust-lang/crates.io-index"
checksum = "adad44e29e4c806119491a7f06f03de4d1af22c3a680dd47f1e6e179439d1f56"

[[package]]
name = "rustc-hash"
version = "1.1.0"
source = "registry+https://github.com/rust-lang/crates.io-index"
checksum = "08d43f7aa6b08d49f382cde6a7982047c3426db949b1424bc4b7ec9ae12c6ce2"

[[package]]
name = "safe_arch"
version = "0.7.1"
source = "registry+https://github.com/rust-lang/crates.io-index"
checksum = "f398075ce1e6a179b46f51bd88d0598b92b00d3551f1a2d4ac49e771b56ac354"
dependencies = [
 "bytemuck",
]

[[package]]
name = "semver"
version = "1.0.22"
source = "registry+https://github.com/rust-lang/crates.io-index"
checksum = "92d43fe69e652f3df9bdc2b85b2854a0825b86e4fb76bc44d945137d053639ca"

[[package]]
name = "serde"
version = "1.0.197"
source = "registry+https://github.com/rust-lang/crates.io-index"
checksum = "3fb1c873e1b9b056a4dc4c0c198b24c3ffa059243875552b2bd0933b1aee4ce2"
dependencies = [
 "serde_derive",
]

[[package]]
name = "serde_derive"
version = "1.0.197"
source = "registry+https://github.com/rust-lang/crates.io-index"
checksum = "7eb0b34b42edc17f6b7cac84a52a1c5f0e1bb2227e997ca9011ea3dd34e8610b"
dependencies = [
 "proc-macro2",
 "quote",
 "syn 2.0.55",
]

[[package]]
name = "simba"
version = "0.8.1"
source = "registry+https://github.com/rust-lang/crates.io-index"
checksum = "061507c94fc6ab4ba1c9a0305018408e312e17c041eb63bef8aa726fa33aceae"
dependencies = [
 "approx",
 "num-complex",
 "num-traits",
 "paste",
 "wide",
]

[[package]]
name = "syn"
version = "1.0.109"
source = "registry+https://github.com/rust-lang/crates.io-index"
checksum = "72b64191b275b66ffe2469e8af2c1cfe3bafa67b529ead792a6d0160888b4237"
dependencies = [
 "proc-macro2",
 "quote",
 "unicode-ident",
]

[[package]]
name = "syn"
version = "2.0.55"
source = "registry+https://github.com/rust-lang/crates.io-index"
checksum = "002a1b3dbf967edfafc32655d0f377ab0bb7b994aa1d32c8cc7e9b8bf3ebb8f0"
dependencies = [
 "proc-macro2",
 "quote",
 "unicode-ident",
]

[[package]]
name = "thiserror"
version = "1.0.58"
source = "registry+https://github.com/rust-lang/crates.io-index"
checksum = "03468839009160513471e86a034bb2c5c0e4baae3b43f79ffc55c4a5427b3297"
dependencies = [
 "thiserror-impl",
]

[[package]]
name = "thiserror-impl"
version = "1.0.58"
source = "registry+https://github.com/rust-lang/crates.io-index"
checksum = "c61f3ba182994efc43764a46c018c347bc492c79f024e705f46567b418f6d4f7"
dependencies = [
 "proc-macro2",
 "quote",
 "syn 2.0.55",
]

[[package]]
name = "time"
version = "0.3.34"
source = "registry+https://github.com/rust-lang/crates.io-index"
checksum = "c8248b6521bb14bc45b4067159b9b6ad792e2d6d754d6c41fb50e29fefe38749"
dependencies = [
 "deranged",
 "num-conv",
 "powerfmt",
 "serde",
 "time-core",
]

[[package]]
name = "time-core"
version = "0.1.2"
source = "registry+https://github.com/rust-lang/crates.io-index"
checksum = "ef927ca75afb808a4d64dd374f00a2adf8d0fcff8e7b184af886c3c87ec4a3f3"

[[package]]
name = "tinyvec"
version = "1.6.0"
source = "registry+https://github.com/rust-lang/crates.io-index"
checksum = "87cc5ceb3875bb20c2890005a4e226a4651264a5c75edb2421b52861a0a0cb50"
dependencies = [
 "tinyvec_macros",
]

[[package]]
name = "tinyvec_macros"
version = "0.1.1"
source = "registry+https://github.com/rust-lang/crates.io-index"
checksum = "1f3ccbac311fea05f86f61904b462b55fb3df8837a366dfc601a0161d0532f20"

[[package]]
name = "typenum"
version = "1.17.0"
source = "registry+https://github.com/rust-lang/crates.io-index"
checksum = "42ff0bf0c66b8238c6f3b578df37d0b7848e55df8577b3f74f92a69acceeb825"

[[package]]
name = "unicode-ident"
version = "1.0.12"
source = "registry+https://github.com/rust-lang/crates.io-index"
checksum = "3354b9ac3fae1ff6755cb6db53683adb661634f67557942dea4facebec0fee4b"

[[package]]
name = "wide"
version = "0.7.15"
source = "registry+https://github.com/rust-lang/crates.io-index"
checksum = "89beec544f246e679fc25490e3f8e08003bc4bf612068f325120dad4cea02c1c"
dependencies = [
 "bytemuck",
 "safe_arch",
]

[[package]]
name = "winnow"
version = "0.6.5"
source = "registry+https://github.com/rust-lang/crates.io-index"
checksum = "dffa400e67ed5a4dd237983829e66475f0a4a26938c4b04c21baede6262215b8"
dependencies = [
 "memchr",
]
