# This file is automatically @generated by Cargo.
# It is not intended for manual editing.
version = 3

[[package]]
name = "aho-corasick"
version = "1.1.2"
source = "registry+https://github.com/rust-lang/crates.io-index"
checksum = "b2969dcb958b36655471fc61f7e416fa76033bdd4bfed0678d8fee1e2d07a1f0"
dependencies = [
 "memchr",
]

[[package]]
name = "aoc_15_01"
version = "0.1.0"
dependencies = [
 "aoc_utils",
]

[[package]]
name = "aoc_15_02"
version = "0.1.0"
dependencies = [
 "aoc_utils",
]

[[package]]
name = "aoc_15_03"
version = "0.1.0"
dependencies = [
 "aoc_utils",
 "nalgebra",
]

[[package]]
name = "aoc_15_04"
version = "0.1.0"
dependencies = [
 "aoc_utils",
 "md5",
]

[[package]]
name = "aoc_15_05"
version = "0.1.0"
dependencies = [
 "aoc_utils",
]

[[package]]
name = "aoc_15_06"
version = "0.1.0"
dependencies = [
 "aoc_utils",
]

[[package]]
name = "aoc_15_07"
version = "0.1.0"
dependencies = [
 "aoc_utils",
]

[[package]]
name = "aoc_15_08"
version = "0.1.0"
dependencies = [
 "aoc_utils",
]

[[package]]
name = "aoc_15_09"
version = "0.1.0"
dependencies = [
 "aoc_utils",
]

[[package]]
name = "aoc_15_10"
version = "0.1.0"
dependencies = [
 "aoc_utils",
 "num",
]

[[package]]
name = "aoc_15_11"
version = "0.1.0"
dependencies = [
 "aoc_utils",
 "lazy_static",
 "regex",
]

[[package]]
name = "aoc_15_12"
version = "0.1.0"
dependencies = [
 "aoc_utils",
 "json",
]

[[package]]
name = "aoc_15_13"
version = "0.1.0"
dependencies = [
 "aoc_utils",
]

[[package]]
name = "aoc_15_14"
version = "0.1.0"
dependencies = [
 "aoc_utils",
]

[[package]]
name = "aoc_15_15"
version = "0.1.0"
dependencies = [
 "aoc_utils",
]

[[package]]
name = "aoc_15_16"
version = "0.1.0"
dependencies = [
 "aoc_utils",
]

[[package]]
name = "aoc_15_17"
version = "0.1.0"
dependencies = [
 "aoc_utils",
]

[[package]]
name = "aoc_15_18"
version = "0.1.0"
dependencies = [
 "aoc_utils",
]

[[package]]
name = "aoc_15_23"
version = "0.1.0"
dependencies = [
 "aoc_utils",
 "strum",
]

[[package]]
name = "aoc_16_01"
version = "0.1.0"
dependencies = [
 "aoc_utils",
]

[[package]]
name = "aoc_16_02"
version = "0.1.0"
dependencies = [
 "aoc_utils",
]

[[package]]
name = "aoc_16_03"
version = "0.1.0"
dependencies = [
 "aoc_utils",
]

[[package]]
name = "aoc_16_04"
version = "0.1.0"
dependencies = [
 "aoc_utils",
]

[[package]]
name = "aoc_16_05"
version = "0.1.0"
dependencies = [
 "aoc_utils",
 "md5",
]

[[package]]
name = "aoc_16_06"
version = "0.1.0"
dependencies = [
 "aoc_utils",
]

[[package]]
name = "aoc_16_07"
version = "0.1.0"
dependencies = [
 "aoc_utils",
]

[[package]]
name = "aoc_16_08"
version = "0.1.0"
dependencies = [
 "aoc_utils",
]

[[package]]
name = "aoc_16_09"
version = "0.1.0"
dependencies = [
 "aoc_utils",
]

[[package]]
name = "aoc_16_10"
version = "0.1.0"
dependencies = [
 "aoc_utils",
]

[[package]]
name = "aoc_17_01"
version = "0.1.0"
dependencies = [
 "aoc_utils",
]

[[package]]
name = "aoc_17_02"
version = "0.1.0"
dependencies = [
 "aoc_utils",
]

[[package]]
name = "aoc_17_03"
version = "0.1.0"
dependencies = [
 "aoc_utils",
]

[[package]]
name = "aoc_17_04"
version = "0.1.0"
dependencies = [
 "aoc_utils",
 "hashbag",
]

[[package]]
name = "aoc_17_05"
version = "0.1.0"
dependencies = [
 "aoc_utils",
]

[[package]]
name = "aoc_17_06"
version = "0.1.0"
dependencies = [
 "aoc_utils",
]

[[package]]
name = "aoc_17_07"
version = "0.1.0"
dependencies = [
 "aoc_utils",
]

[[package]]
name = "aoc_17_08"
version = "0.1.0"
dependencies = [
 "aoc_utils",
]

[[package]]
name = "aoc_17_09"
version = "0.1.0"
dependencies = [
 "aoc_utils",
]

[[package]]
name = "aoc_17_10"
version = "0.1.0"
dependencies = [
 "aoc_utils",
]

[[package]]
name = "aoc_18_01"
version = "0.1.0"
dependencies = [
 "aoc_utils",
]

[[package]]
name = "aoc_18_02"
version = "0.1.0"
dependencies = [
 "aoc_utils",
]

[[package]]
name = "aoc_18_03"
version = "0.1.0"
dependencies = [
 "aoc_utils",
]

[[package]]
name = "aoc_18_04"
version = "0.1.0"
dependencies = [
 "aoc_utils",
 "time",
]

[[package]]
name = "aoc_18_05"
version = "0.1.0"
dependencies = [
 "aoc_utils",
]

[[package]]
name = "aoc_18_06"
version = "0.1.0"
dependencies = [
 "aoc_utils",
 "tinyvec",
]

[[package]]
name = "aoc_18_07"
version = "0.1.0"
dependencies = [
 "aoc_utils",
]

[[package]]
name = "aoc_19_01"
version = "0.1.0"
dependencies = [
 "aoc_utils",
]

[[package]]
name = "aoc_19_02"
version = "0.1.0"
dependencies = [
 "aoc_utils",
]

[[package]]
name = "aoc_19_03"
version = "0.1.0"
dependencies = [
 "aoc_utils",
]

[[package]]
name = "aoc_19_04"
version = "0.1.0"
dependencies = [
 "aoc_utils",
]

[[package]]
name = "aoc_19_05"
version = "0.1.0"
dependencies = [
 "aoc_utils",
]

[[package]]
name = "aoc_20_01"
version = "0.1.0"
dependencies = [
 "aoc_utils",
]

[[package]]
name = "aoc_20_02"
version = "0.1.0"
dependencies = [
 "aoc_utils",
]

[[package]]
name = "aoc_20_03"
version = "0.1.0"
dependencies = [
 "aoc_utils",
]

[[package]]
name = "aoc_20_04"
version = "0.1.0"
dependencies = [
 "aoc_utils",
 "lazy_static",
 "regex",
]

[[package]]
name = "aoc_20_05"
version = "0.1.0"
dependencies = [
 "aoc_utils",
]

[[package]]
name = "aoc_20_06"
version = "0.1.0"
dependencies = [
 "aoc_utils",
]

[[package]]
name = "aoc_20_07"
version = "0.1.0"
dependencies = [
 "aoc_utils",
]

[[package]]
name = "aoc_20_08"
version = "0.1.0"
dependencies = [
 "aoc_utils",
]

[[package]]
name = "aoc_20_09"
version = "0.1.0"
dependencies = [
 "aoc_utils",
]

[[package]]
name = "aoc_20_10"
version = "0.1.0"
dependencies = [
 "aoc_utils",
]

[[package]]
name = "aoc_20_11"
version = "0.1.0"
dependencies = [
 "aoc_utils",
]

[[package]]
name = "aoc_20_12"
version = "0.1.0"
dependencies = [
 "aoc_utils",
]

[[package]]
name = "aoc_20_13"
version = "0.1.0"
dependencies = [
 "aoc_utils",
]

[[package]]
name = "aoc_20_14"
version = "0.1.0"
dependencies = [
 "aoc_utils",
]

[[package]]
name = "aoc_20_15"
version = "0.1.0"
dependencies = [
 "aoc_utils",
]

[[package]]
name = "aoc_20_16"
version = "0.1.0"
dependencies = [
 "aoc_utils",
]

[[package]]
name = "aoc_20_17"
version = "0.1.0"
dependencies = [
 "aoc_utils",
]

[[package]]
name = "aoc_20_18"
version = "0.1.0"
dependencies = [
 "aoc_utils",
]

[[package]]
name = "aoc_21_01"
version = "0.1.0"
dependencies = [
 "aoc_utils",
]

[[package]]
name = "aoc_21_02"
version = "0.1.0"
dependencies = [
 "aoc_utils",
]

[[package]]
name = "aoc_21_03"
version = "0.1.0"
dependencies = [
 "aoc_utils",
]

[[package]]
name = "aoc_21_04"
version = "0.1.0"
dependencies = [
 "aoc_utils",
]

[[package]]
name = "aoc_21_05"
version = "0.1.0"
dependencies = [
 "aoc_utils",
]

[[package]]
name = "aoc_21_06"
version = "0.1.0"
dependencies = [
 "aoc_utils",
]

[[package]]
name = "aoc_21_07"
version = "0.1.0"
dependencies = [
 "aoc_utils",
]

[[package]]
name = "aoc_21_08"
version = "0.1.0"
dependencies = [
 "aoc_utils",
]

[[package]]
name = "aoc_21_09"
version = "0.1.0"
dependencies = [
 "aoc_utils",
]

[[package]]
name = "aoc_21_10"
version = "0.1.0"
dependencies = [
 "aoc_utils",
]

[[package]]
name = "aoc_21_11"
version = "0.1.0"
dependencies = [
 "aoc_utils",
]

[[package]]
name = "aoc_21_12"
version = "0.1.0"
dependencies = [
 "aoc_utils",
]

[[package]]
name = "aoc_21_13"
version = "0.1.0"
dependencies = [
 "aoc_utils",
]

[[package]]
name = "aoc_21_14"
version = "0.1.0"
dependencies = [
 "aoc_utils",
]

[[package]]
name = "aoc_21_15"
version = "0.1.0"
dependencies = [
 "aoc_utils",
]

[[package]]
name = "aoc_21_16"
version = "0.1.0"
dependencies = [
 "aoc_utils",
]

[[package]]
name = "aoc_21_17"
version = "0.1.0"
dependencies = [
 "aoc_utils",
]

[[package]]
name = "aoc_21_18"
version = "0.1.0"
dependencies = [
 "aoc_utils",
]

[[package]]
name = "aoc_21_19"
version = "0.1.0"
dependencies = [
 "aoc_utils",
]

[[package]]
name = "aoc_21_20"
version = "0.1.0"
dependencies = [
 "aoc_utils",
]

[[package]]
name = "aoc_21_21"
version = "0.1.0"
dependencies = [
 "aoc_utils",
]

[[package]]
name = "aoc_21_22"
version = "0.1.0"
dependencies = [
 "aoc_utils",
]

[[package]]
name = "aoc_21_23"
version = "0.1.0"
dependencies = [
 "aoc_utils",
]

[[package]]
name = "aoc_21_24"
version = "0.1.0"
dependencies = [
 "aoc_utils",
]

[[package]]
name = "aoc_21_25"
version = "0.1.0"
dependencies = [
 "aoc_utils",
]

[[package]]
name = "aoc_22_01"
version = "0.1.0"
dependencies = [
 "aoc_utils",
]

[[package]]
name = "aoc_22_02"
version = "0.1.0"
dependencies = [
 "aoc_utils",
]

[[package]]
name = "aoc_22_03"
version = "0.1.0"
dependencies = [
 "aoc_utils",
]

[[package]]
name = "aoc_22_04"
version = "0.1.0"
dependencies = [
 "aoc_utils",
]

[[package]]
name = "aoc_22_05"
version = "0.1.0"
dependencies = [
 "aoc_utils",
]

[[package]]
name = "aoc_22_06"
version = "0.1.0"
dependencies = [
 "aoc_utils",
]

[[package]]
name = "aoc_22_07"
version = "0.1.0"
dependencies = [
 "aoc_utils",
]

[[package]]
name = "aoc_22_08"
version = "0.1.0"
dependencies = [
 "aoc_utils",
]

[[package]]
name = "aoc_22_09"
version = "0.1.0"
dependencies = [
 "aoc_utils",
]

[[package]]
name = "aoc_22_10"
version = "0.1.0"
dependencies = [
 "aoc_utils",
]

[[package]]
name = "aoc_22_11"
version = "0.1.0"
dependencies = [
 "aoc_utils",
 "num",
]

[[package]]
name = "aoc_22_12"
version = "0.1.0"
dependencies = [
 "aoc_utils",
 "pathfinding",
]

[[package]]
name = "aoc_22_13"
version = "0.1.0"
dependencies = [
 "aoc_utils",
]

[[package]]
name = "aoc_22_14"
version = "0.1.0"
dependencies = [
 "aoc_utils",
 "nalgebra",
]

[[package]]
name = "aoc_22_15"
version = "0.1.0"
dependencies = [
 "aoc_utils",
 "nalgebra",
]

[[package]]
name = "aoc_22_16"
version = "0.1.0"
dependencies = [
 "aoc_utils",
]

[[package]]
name = "aoc_22_17"
version = "0.1.0"
dependencies = [
 "aoc_utils",
 "arrayvec",
]

[[package]]
name = "aoc_23_01"
version = "0.1.0"
dependencies = [
 "aoc_utils",
]

[[package]]
name = "aoc_utils"
version = "0.1.0"
source = "git+https://github.com/senekor/aoc-utils#2714c990dc6084d9e536066ead54382824d2582a"
dependencies = [
 "itertools",
 "num",
 "winnow",
]

[[package]]
name = "approx"
version = "0.5.1"
source = "registry+https://github.com/rust-lang/crates.io-index"
checksum = "cab112f0a86d568ea0e627cc1d6be74a1e9cd55214684db5561995f6dad897c6"
dependencies = [
 "num-traits",
]

[[package]]
name = "arrayvec"
version = "0.7.4"
source = "registry+https://github.com/rust-lang/crates.io-index"
checksum = "96d30a06541fbafbc7f82ed10c06164cfbd2c401138f6addd8404629c4b16711"

[[package]]
name = "autocfg"
version = "1.1.0"
source = "registry+https://github.com/rust-lang/crates.io-index"
checksum = "d468802bab17cbc0cc575e9b053f41e72aa36bfa6b7f55e3529ffa43161b97fa"

[[package]]
name = "bytemuck"
version = "1.14.0"
source = "registry+https://github.com/rust-lang/crates.io-index"
checksum = "374d28ec25809ee0e23827c2ab573d729e293f281dfe393500e7ad618baa61c6"

[[package]]
name = "deprecate-until"
version = "0.1.0"
source = "registry+https://github.com/rust-lang/crates.io-index"
checksum = "7ec2e2a2d0c79afd023be50309ecf010f20bf4a2761f15e264f4ac9516aff58b"
dependencies = [
 "proc-macro2",
 "quote",
 "semver",
 "syn 2.0.39",
]

[[package]]
name = "deranged"
version = "0.3.9"
source = "registry+https://github.com/rust-lang/crates.io-index"
checksum = "0f32d04922c60427da6f9fef14d042d9edddef64cb9d4ce0d64d0685fbeb1fd3"
dependencies = [
 "powerfmt",
]

[[package]]
name = "either"
version = "1.9.0"
source = "registry+https://github.com/rust-lang/crates.io-index"
checksum = "a26ae43d7bcc3b814de94796a5e736d4029efb0ee900c12e2d54c993ad1a1e07"

[[package]]
name = "equivalent"
version = "1.0.1"
source = "registry+https://github.com/rust-lang/crates.io-index"
checksum = "5443807d6dff69373d433ab9ef5378ad8df50ca6298caf15de6e52e24aaf54d5"

[[package]]
name = "fixedbitset"
version = "0.4.2"
source = "registry+https://github.com/rust-lang/crates.io-index"
checksum = "0ce7134b9999ecaf8bcd65542e436736ef32ddca1b3e06094cb6ec5755203b80"

[[package]]
name = "hashbag"
version = "0.1.11"
source = "registry+https://github.com/rust-lang/crates.io-index"
checksum = "b3d44c238cb72d3e8993a30c32e97b2b2c2c1a12388603f28c4f19a44c4396bc"

[[package]]
name = "hashbrown"
version = "0.14.2"
source = "registry+https://github.com/rust-lang/crates.io-index"
checksum = "f93e7192158dbcda357bdec5fb5788eebf8bbac027f3f33e719d29135ae84156"

[[package]]
name = "heck"
version = "0.4.1"
source = "registry+https://github.com/rust-lang/crates.io-index"
checksum = "95505c38b4572b2d910cecb0281560f54b440a19336cbbcb27bf6ce6adc6f5a8"

[[package]]
name = "indexmap"
version = "2.1.0"
source = "registry+https://github.com/rust-lang/crates.io-index"
checksum = "d530e1a18b1cb4c484e6e34556a0d948706958449fca0cab753d649f2bce3d1f"
dependencies = [
 "equivalent",
 "hashbrown",
]

[[package]]
name = "integer-sqrt"
version = "0.1.5"
source = "registry+https://github.com/rust-lang/crates.io-index"
checksum = "276ec31bcb4a9ee45f58bec6f9ec700ae4cf4f4f8f2fa7e06cb406bd5ffdd770"
dependencies = [
 "num-traits",
]

[[package]]
name = "itertools"
version = "0.10.5"
source = "registry+https://github.com/rust-lang/crates.io-index"
checksum = "b0fd2260e829bddf4cb6ea802289de2f86d6a7a690192fbe91b3f46e0f2c8473"
dependencies = [
 "either",
]

[[package]]
name = "json"
version = "0.12.4"
source = "registry+https://github.com/rust-lang/crates.io-index"
checksum = "078e285eafdfb6c4b434e0d31e8cfcb5115b651496faca5749b88fafd4f23bfd"

[[package]]
name = "lazy_static"
version = "1.4.0"
source = "registry+https://github.com/rust-lang/crates.io-index"
checksum = "e2abad23fbc42b3700f2f279844dc832adb2b2eb069b2df918f455c4e18cc646"

[[package]]
name = "matrixmultiply"
version = "0.3.8"
source = "registry+https://github.com/rust-lang/crates.io-index"
checksum = "7574c1cf36da4798ab73da5b215bbf444f50718207754cb522201d78d1cd0ff2"
dependencies = [
 "autocfg",
 "rawpointer",
]

[[package]]
name = "md5"
version = "0.7.0"
source = "registry+https://github.com/rust-lang/crates.io-index"
checksum = "490cc448043f947bae3cbee9c203358d62dbee0db12107a74be5c30ccfd09771"

[[package]]
name = "memchr"
version = "2.6.4"
source = "registry+https://github.com/rust-lang/crates.io-index"
checksum = "f665ee40bc4a3c5590afb1e9677db74a508659dfd71e126420da8274909a0167"

[[package]]
name = "nalgebra"
version = "0.32.3"
source = "registry+https://github.com/rust-lang/crates.io-index"
checksum = "307ed9b18cc2423f29e83f84fd23a8e73628727990181f18641a8b5dc2ab1caa"
dependencies = [
 "approx",
 "matrixmultiply",
 "nalgebra-macros",
 "num-complex",
 "num-rational",
 "num-traits",
 "simba",
 "typenum",
]

[[package]]
name = "nalgebra-macros"
version = "0.2.1"
source = "registry+https://github.com/rust-lang/crates.io-index"
checksum = "91761aed67d03ad966ef783ae962ef9bbaca728d2dd7ceb7939ec110fffad998"
dependencies = [
 "proc-macro2",
 "quote",
 "syn 1.0.109",
]

[[package]]
name = "num"
version = "0.4.1"
source = "registry+https://github.com/rust-lang/crates.io-index"
checksum = "b05180d69e3da0e530ba2a1dae5110317e49e3b7f3d41be227dc5f92e49ee7af"
dependencies = [
 "num-bigint",
 "num-complex",
 "num-integer",
 "num-iter",
 "num-rational",
 "num-traits",
]

[[package]]
name = "num-bigint"
version = "0.4.4"
source = "registry+https://github.com/rust-lang/crates.io-index"
checksum = "608e7659b5c3d7cba262d894801b9ec9d00de989e8a82bd4bef91d08da45cdc0"
dependencies = [
 "autocfg",
 "num-integer",
 "num-traits",
]

[[package]]
name = "num-complex"
version = "0.4.4"
source = "registry+https://github.com/rust-lang/crates.io-index"
checksum = "1ba157ca0885411de85d6ca030ba7e2a83a28636056c7c699b07c8b6f7383214"
dependencies = [
 "num-traits",
]

[[package]]
name = "num-integer"
version = "0.1.45"
source = "registry+https://github.com/rust-lang/crates.io-index"
checksum = "225d3389fb3509a24c93f5c29eb6bde2586b98d9f016636dff58d7c6f7569cd9"
dependencies = [
 "autocfg",
 "num-traits",
]

[[package]]
name = "num-iter"
version = "0.1.43"
source = "registry+https://github.com/rust-lang/crates.io-index"
checksum = "7d03e6c028c5dc5cac6e2dec0efda81fc887605bb3d884578bb6d6bf7514e252"
dependencies = [
 "autocfg",
 "num-integer",
 "num-traits",
]

[[package]]
name = "num-rational"
version = "0.4.1"
source = "registry+https://github.com/rust-lang/crates.io-index"
checksum = "0638a1c9d0a3c0914158145bc76cff373a75a627e6ecbfb71cbe6f453a5a19b0"
dependencies = [
 "autocfg",
 "num-bigint",
 "num-integer",
 "num-traits",
]

[[package]]
name = "num-traits"
version = "0.2.17"
source = "registry+https://github.com/rust-lang/crates.io-index"
checksum = "39e3200413f237f41ab11ad6d161bc7239c84dcb631773ccd7de3dfe4b5c267c"
dependencies = [
 "autocfg",
]

[[package]]
name = "paste"
version = "1.0.14"
source = "registry+https://github.com/rust-lang/crates.io-index"
checksum = "de3145af08024dea9fa9914f381a17b8fc6034dfb00f3a84013f7ff43f29ed4c"

[[package]]
name = "pathfinding"
version = "4.3.2"
source = "registry+https://github.com/rust-lang/crates.io-index"
checksum = "7b7d06c8716de428def400ae9e5cd92463cd458d98169ed835b2da5d08cf4698"
dependencies = [
 "deprecate-until",
 "fixedbitset",
 "indexmap",
 "integer-sqrt",
 "num-traits",
 "rustc-hash",
 "thiserror",
]

[[package]]
name = "powerfmt"
version = "0.2.0"
source = "registry+https://github.com/rust-lang/crates.io-index"
checksum = "439ee305def115ba05938db6eb1644ff94165c5ab5e9420d1c1bcedbba909391"

[[package]]
name = "proc-macro2"
version = "1.0.69"
source = "registry+https://github.com/rust-lang/crates.io-index"
checksum = "134c189feb4956b20f6f547d2cf727d4c0fe06722b20a0eec87ed445a97f92da"
dependencies = [
 "unicode-ident",
]

[[package]]
name = "quote"
version = "1.0.33"
source = "registry+https://github.com/rust-lang/crates.io-index"
checksum = "5267fca4496028628a95160fc423a33e8b2e6af8a5302579e322e4b520293cae"
dependencies = [
 "proc-macro2",
]

[[package]]
name = "rawpointer"
version = "0.2.1"
source = "registry+https://github.com/rust-lang/crates.io-index"
checksum = "60a357793950651c4ed0f3f52338f53b2f809f32d83a07f72909fa13e4c6c1e3"

[[package]]
name = "regex"
version = "1.10.2"
source = "registry+https://github.com/rust-lang/crates.io-index"
checksum = "380b951a9c5e80ddfd6136919eef32310721aa4aacd4889a8d39124b026ab343"
dependencies = [
 "aho-corasick",
 "memchr",
 "regex-automata",
 "regex-syntax",
]

[[package]]
name = "regex-automata"
version = "0.4.3"
source = "registry+https://github.com/rust-lang/crates.io-index"
checksum = "5f804c7828047e88b2d32e2d7fe5a105da8ee3264f01902f796c8e067dc2483f"
dependencies = [
 "aho-corasick",
 "memchr",
 "regex-syntax",
]

[[package]]
name = "regex-syntax"
version = "0.8.2"
source = "registry+https://github.com/rust-lang/crates.io-index"
checksum = "c08c74e62047bb2de4ff487b251e4a92e24f48745648451635cec7d591162d9f"

[[package]]
name = "rustc-hash"
version = "1.1.0"
source = "registry+https://github.com/rust-lang/crates.io-index"
checksum = "08d43f7aa6b08d49f382cde6a7982047c3426db949b1424bc4b7ec9ae12c6ce2"

[[package]]
name = "rustversion"
version = "1.0.14"
source = "registry+https://github.com/rust-lang/crates.io-index"
checksum = "7ffc183a10b4478d04cbbbfc96d0873219d962dd5accaff2ffbd4ceb7df837f4"

[[package]]
name = "safe_arch"
version = "0.7.1"
source = "registry+https://github.com/rust-lang/crates.io-index"
checksum = "f398075ce1e6a179b46f51bd88d0598b92b00d3551f1a2d4ac49e771b56ac354"
dependencies = [
 "bytemuck",
]

[[package]]
name = "semver"
version = "1.0.20"
source = "registry+https://github.com/rust-lang/crates.io-index"
checksum = "836fa6a3e1e547f9a2c4040802ec865b5d85f4014efe00555d7090a3dcaa1090"

[[package]]
name = "serde"
version = "1.0.192"
source = "registry+https://github.com/rust-lang/crates.io-index"
checksum = "bca2a08484b285dcb282d0f67b26cadc0df8b19f8c12502c13d966bf9482f001"
dependencies = [
 "serde_derive",
]

[[package]]
name = "serde_derive"
version = "1.0.192"
source = "registry+https://github.com/rust-lang/crates.io-index"
checksum = "d6c7207fbec9faa48073f3e3074cbe553af6ea512d7c21ba46e434e70ea9fbc1"
dependencies = [
 "proc-macro2",
 "quote",
 "syn 2.0.39",
]

[[package]]
name = "simba"
version = "0.8.1"
source = "registry+https://github.com/rust-lang/crates.io-index"
checksum = "061507c94fc6ab4ba1c9a0305018408e312e17c041eb63bef8aa726fa33aceae"
dependencies = [
 "approx",
 "num-complex",
 "num-traits",
 "paste",
 "wide",
]

[[package]]
name = "strum"
version = "0.24.1"
source = "registry+https://github.com/rust-lang/crates.io-index"
checksum = "063e6045c0e62079840579a7e47a355ae92f60eb74daaf156fb1e84ba164e63f"
dependencies = [
 "strum_macros",
]

[[package]]
name = "strum_macros"
version = "0.24.3"
source = "registry+https://github.com/rust-lang/crates.io-index"
checksum = "1e385be0d24f186b4ce2f9982191e7101bb737312ad61c1f2f984f34bcf85d59"
dependencies = [
 "heck",
 "proc-macro2",
 "quote",
 "rustversion",
 "syn 1.0.109",
]

[[package]]
name = "syn"
version = "1.0.109"
source = "registry+https://github.com/rust-lang/crates.io-index"
checksum = "72b64191b275b66ffe2469e8af2c1cfe3bafa67b529ead792a6d0160888b4237"
dependencies = [
 "proc-macro2",
 "quote",
 "unicode-ident",
]

[[package]]
name = "syn"
version = "2.0.39"
source = "registry+https://github.com/rust-lang/crates.io-index"
checksum = "23e78b90f2fcf45d3e842032ce32e3f2d1545ba6636271dcbf24fa306d87be7a"
dependencies = [
 "proc-macro2",
 "quote",
 "unicode-ident",
]

[[package]]
name = "thiserror"
version = "1.0.50"
source = "registry+https://github.com/rust-lang/crates.io-index"
checksum = "f9a7210f5c9a7156bb50aa36aed4c95afb51df0df00713949448cf9e97d382d2"
dependencies = [
 "thiserror-impl",
]

[[package]]
name = "thiserror-impl"
version = "1.0.50"
source = "registry+https://github.com/rust-lang/crates.io-index"
checksum = "266b2e40bc00e5a6c09c3584011e08b06f123c00362c92b975ba9843aaaa14b8"
dependencies = [
 "proc-macro2",
 "quote",
 "syn 2.0.39",
]

[[package]]
name = "time"
version = "0.3.30"
source = "registry+https://github.com/rust-lang/crates.io-index"
checksum = "c4a34ab300f2dee6e562c10a046fc05e358b29f9bf92277f30c3c8d82275f6f5"
dependencies = [
 "deranged",
 "powerfmt",
 "serde",
 "time-core",
]

[[package]]
name = "time-core"
version = "0.1.2"
source = "registry+https://github.com/rust-lang/crates.io-index"
checksum = "ef927ca75afb808a4d64dd374f00a2adf8d0fcff8e7b184af886c3c87ec4a3f3"

[[package]]
name = "tinyvec"
version = "1.6.0"
source = "registry+https://github.com/rust-lang/crates.io-index"
checksum = "87cc5ceb3875bb20c2890005a4e226a4651264a5c75edb2421b52861a0a0cb50"
dependencies = [
 "tinyvec_macros",
]

[[package]]
name = "tinyvec_macros"
version = "0.1.1"
source = "registry+https://github.com/rust-lang/crates.io-index"
checksum = "1f3ccbac311fea05f86f61904b462b55fb3df8837a366dfc601a0161d0532f20"

[[package]]
name = "typenum"
version = "1.17.0"
source = "registry+https://github.com/rust-lang/crates.io-index"
checksum = "42ff0bf0c66b8238c6f3b578df37d0b7848e55df8577b3f74f92a69acceeb825"

[[package]]
name = "unicode-ident"
version = "1.0.12"
source = "registry+https://github.com/rust-lang/crates.io-index"
checksum = "3354b9ac3fae1ff6755cb6db53683adb661634f67557942dea4facebec0fee4b"

[[package]]
name = "wide"
version = "0.7.13"
source = "registry+https://github.com/rust-lang/crates.io-index"
checksum = "c68938b57b33da363195412cfc5fc37c9ed49aa9cfe2156fde64b8d2c9498242"
dependencies = [
 "bytemuck",
 "safe_arch",
]

[[package]]
name = "winnow"
version = "0.5.26"
source = "registry+https://github.com/rust-lang/crates.io-index"
checksum = "b67b5f0a4e7a27a64c651977932b9dc5667ca7fc31ac44b03ed37a0cf42fdfff"
dependencies = [
 "memchr",
]
